
Microsoft Visual Studio Solution File, Format Version 12.00
# Visual Studio Version 17
VisualStudioVersion = 17.0.32112.339
MinimumVisualStudioVersion = 10.0.40219.1
Project("{FAE04EC0-301F-11D3-BF4B-00C04F79EFBC}") = "Engine", "Engine\Engine.csproj", "{DBB67D14-17C2-4FE6-A603-972AA895B369}"
EndProject
Project("{FAE04EC0-301F-11D3-BF4B-00C04F79EFBC}") = "Tester", "Tester\Tester.csproj", "{0FDD13BD-91D3-4881-B680-BD5BA74F0948}"
EndProject
Global
	GlobalSection(SolutionConfigurationPlatforms) = preSolution
		Debug|Any CPU = Debug|Any CPU
		Release|Any CPU = Release|Any CPU
	EndGlobalSection
	GlobalSection(ProjectConfigurationPlatforms) = postSolution
		{DBB67D14-17C2-4FE6-A603-972AA895B369}.Debug|Any CPU.ActiveCfg = Debug|Any CPU
		{DBB67D14-17C2-4FE6-A603-972AA895B369}.Debug|Any CPU.Build.0 = Debug|Any CPU
		{DBB67D14-17C2-4FE6-A603-972AA895B369}.Release|Any CPU.ActiveCfg = Release|Any CPU
		{DBB67D14-17C2-4FE6-A603-972AA895B369}.Release|Any CPU.Build.0 = Release|Any CPU
		{0FDD13BD-91D3-4881-B680-BD5BA74F0948}.Debug|Any CPU.ActiveCfg = Debug|Any CPU
		{0FDD13BD-91D3-4881-B680-BD5BA74F0948}.Debug|Any CPU.Build.0 = Debug|Any CPU
		{0FDD13BD-91D3-4881-B680-BD5BA74F0948}.Release|Any CPU.ActiveCfg = Release|Any CPU
		{0FDD13BD-91D3-4881-B680-BD5BA74F0948}.Release|Any CPU.Build.0 = Release|Any CPU
	EndGlobalSection
	GlobalSection(SolutionProperties) = preSolution
		HideSolutionNode = FALSE
	EndGlobalSection
	GlobalSection(ExtensibilityGlobals) = postSolution
		SolutionGuid = {11D176C4-E19D-4D84-B257-30D17A593E38}
	EndGlobalSection
EndGlobal
